
Microsoft Visual Studio Solution File, Format Version 12.00
# Visual Studio 2012
Project("{FAE04EC0-301F-11D3-BF4B-00C04F79EFBC}") = "Microsoft.Advertising", "Microsoft.Advertising.csproj", "{17BDCA4B-4E58-4A44-8FE4-A4C40E71FBC4}"
EndProject
Global
	GlobalSection(SolutionConfigurationPlatforms) = preSolution
		Debug|Any CPU = Debug|Any CPU
		Release|Any CPU = Release|Any CPU
	EndGlobalSection
	GlobalSection(ProjectConfigurationPlatforms) = postSolution
		{17BDCA4B-4E58-4A44-8FE4-A4C40E71FBC4}.Debug|Any CPU.ActiveCfg = Debug|Any CPU
		{17BDCA4B-4E58-4A44-8FE4-A4C40E71FBC4}.Debug|Any CPU.Build.0 = Debug|Any CPU
		{17BDCA4B-4E58-4A44-8FE4-A4C40E71FBC4}.Release|Any CPU.ActiveCfg = Release|Any CPU
		{17BDCA4B-4E58-4A44-8FE4-A4C40E71FBC4}.Release|Any CPU.Build.0 = Release|Any CPU
	EndGlobalSection
	GlobalSection(SolutionProperties) = preSolution
		HideSolutionNode = FALSE
	EndGlobalSection
EndGlobal
