
Microsoft Visual Studio Solution File, Format Version 11.00
# Visual Studio 2010
Project("{FAE04EC0-301F-11D3-BF4B-00C04F79EFBC}") = "TubeFree8-1", "TubeFree8-1.csproj", "{CB8BD0F3-DA9A-48E7-B9B5-D3604EA43457}"
EndProject
Global
	GlobalSection(SolutionConfigurationPlatforms) = preSolution
		Debug|Any CPU = Debug|Any CPU
		Release|Any CPU = Release|Any CPU
	EndGlobalSection
	GlobalSection(ProjectConfigurationPlatforms) = postSolution
		{CB8BD0F3-DA9A-48E7-B9B5-D3604EA43457}.Debug|Any CPU.ActiveCfg = Debug|Any CPU
		{CB8BD0F3-DA9A-48E7-B9B5-D3604EA43457}.Debug|Any CPU.Build.0 = Debug|Any CPU
		{CB8BD0F3-DA9A-48E7-B9B5-D3604EA43457}.Release|Any CPU.ActiveCfg = Release|Any CPU
		{CB8BD0F3-DA9A-48E7-B9B5-D3604EA43457}.Release|Any CPU.Build.0 = Release|Any CPU
	EndGlobalSection
	GlobalSection(SolutionProperties) = preSolution
		HideSolutionNode = FALSE
	EndGlobalSection
EndGlobal
